
Microsoft Visual Studio Solution File, Format Version 12.00
# Visual Studio Version 16
VisualStudioVersion = 16.0.28803.452
MinimumVisualStudioVersion = 10.0.40219.1
Project("{FAE04EC0-301F-11D3-BF4B-00C04F79EFBC}") = "ecopanelAPI", "ecopanelAPI\ecopanelAPI.csproj", "{1E772DA9-B9B9-400F-8B2D-DAC65CFB1F6B}"
EndProject
Project("{2150E333-8FDC-42A3-9474-1A3956D46DE8}") = "3. Presentation", "3. Presentation", "{8FA0C37A-C4FA-4A47-BE3F-AFDC4E63DD6F}"
EndProject
Project("{2150E333-8FDC-42A3-9474-1A3956D46DE8}") = "2.Domain", "2.Domain", "{539CA245-B53C-43E9-848A-63B5C75CB4A5}"
EndProject
Project("{2150E333-8FDC-42A3-9474-1A3956D46DE8}") = "1.Infrastructure", "1.Infrastructure", "{4B50B9D9-1578-480F-A897-93379EBB2548}"
EndProject
Project("{2150E333-8FDC-42A3-9474-1A3956D46DE8}") = "DomainModels", "DomainModels", "{8DC7496C-7A2A-4B51-AD62-BC68134926A4}"
EndProject
Project("{2150E333-8FDC-42A3-9474-1A3956D46DE8}") = "DomainServices", "DomainServices", "{EC02B928-038F-4FD9-A5C3-0DEE2772DE65}"
EndProject
Project("{2150E333-8FDC-42A3-9474-1A3956D46DE8}") = "RepositoryContracts", "RepositoryContracts", "{44857E1A-A202-41DE-B878-32E5C716A12C}"
EndProject
Project("{FAE04EC0-301F-11D3-BF4B-00C04F79EFBC}") = "Infrastructure", "Infrastructure\Infrastructure.csproj", "{7E1C1A64-BD3E-4231-B16B-2F5AF42FE968}"
EndProject
Project("{2150E333-8FDC-42A3-9474-1A3956D46DE8}") = "0.SQL", "0.SQL", "{17CD94F4-64F9-40FB-A20D-5FF53ABC3F25}"
EndProject
Project("{00D1A9C2-B5F0-4AF3-8072-F6C62B433612}") = "ecopanelDB", "ecopanelDB\ecopanelDB.sqlproj", "{5C10C686-42C9-4D8C-A971-C91648FA3DF5}"
EndProject
Project("{FAE04EC0-301F-11D3-BF4B-00C04F79EFBC}") = "Domain.Models", "Domain.Models\Domain.Models.csproj", "{4D8AD289-1473-4C15-A016-5FC4BECA15D5}"
EndProject
Project("{FAE04EC0-301F-11D3-BF4B-00C04F79EFBC}") = "Domain.Services", "Domain.Services\Domain.Services.csproj", "{E1DCE59B-B635-430B-9E68-63BE8F69BAD1}"
EndProject
Global
	GlobalSection(SolutionConfigurationPlatforms) = preSolution
		Debug|Any CPU = Debug|Any CPU
		Release|Any CPU = Release|Any CPU
	EndGlobalSection
	GlobalSection(ProjectConfigurationPlatforms) = postSolution
		{1E772DA9-B9B9-400F-8B2D-DAC65CFB1F6B}.Debug|Any CPU.ActiveCfg = Debug|Any CPU
		{1E772DA9-B9B9-400F-8B2D-DAC65CFB1F6B}.Debug|Any CPU.Build.0 = Debug|Any CPU
		{1E772DA9-B9B9-400F-8B2D-DAC65CFB1F6B}.Release|Any CPU.ActiveCfg = Release|Any CPU
		{1E772DA9-B9B9-400F-8B2D-DAC65CFB1F6B}.Release|Any CPU.Build.0 = Release|Any CPU
		{7E1C1A64-BD3E-4231-B16B-2F5AF42FE968}.Debug|Any CPU.ActiveCfg = Debug|Any CPU
		{7E1C1A64-BD3E-4231-B16B-2F5AF42FE968}.Debug|Any CPU.Build.0 = Debug|Any CPU
		{7E1C1A64-BD3E-4231-B16B-2F5AF42FE968}.Release|Any CPU.ActiveCfg = Release|Any CPU
		{7E1C1A64-BD3E-4231-B16B-2F5AF42FE968}.Release|Any CPU.Build.0 = Release|Any CPU
		{5C10C686-42C9-4D8C-A971-C91648FA3DF5}.Debug|Any CPU.ActiveCfg = Debug|Any CPU
		{5C10C686-42C9-4D8C-A971-C91648FA3DF5}.Debug|Any CPU.Build.0 = Debug|Any CPU
		{5C10C686-42C9-4D8C-A971-C91648FA3DF5}.Debug|Any CPU.Deploy.0 = Debug|Any CPU
		{5C10C686-42C9-4D8C-A971-C91648FA3DF5}.Release|Any CPU.ActiveCfg = Release|Any CPU
		{5C10C686-42C9-4D8C-A971-C91648FA3DF5}.Release|Any CPU.Build.0 = Release|Any CPU
		{5C10C686-42C9-4D8C-A971-C91648FA3DF5}.Release|Any CPU.Deploy.0 = Release|Any CPU
		{4D8AD289-1473-4C15-A016-5FC4BECA15D5}.Debug|Any CPU.ActiveCfg = Debug|Any CPU
		{4D8AD289-1473-4C15-A016-5FC4BECA15D5}.Debug|Any CPU.Build.0 = Debug|Any CPU
		{4D8AD289-1473-4C15-A016-5FC4BECA15D5}.Release|Any CPU.ActiveCfg = Release|Any CPU
		{4D8AD289-1473-4C15-A016-5FC4BECA15D5}.Release|Any CPU.Build.0 = Release|Any CPU
		{E1DCE59B-B635-430B-9E68-63BE8F69BAD1}.Debug|Any CPU.ActiveCfg = Debug|Any CPU
		{E1DCE59B-B635-430B-9E68-63BE8F69BAD1}.Debug|Any CPU.Build.0 = Debug|Any CPU
		{E1DCE59B-B635-430B-9E68-63BE8F69BAD1}.Release|Any CPU.ActiveCfg = Release|Any CPU
		{E1DCE59B-B635-430B-9E68-63BE8F69BAD1}.Release|Any CPU.Build.0 = Release|Any CPU
	EndGlobalSection
	GlobalSection(SolutionProperties) = preSolution
		HideSolutionNode = FALSE
	EndGlobalSection
	GlobalSection(NestedProjects) = preSolution
		{1E772DA9-B9B9-400F-8B2D-DAC65CFB1F6B} = {8FA0C37A-C4FA-4A47-BE3F-AFDC4E63DD6F}
		{8DC7496C-7A2A-4B51-AD62-BC68134926A4} = {539CA245-B53C-43E9-848A-63B5C75CB4A5}
		{EC02B928-038F-4FD9-A5C3-0DEE2772DE65} = {539CA245-B53C-43E9-848A-63B5C75CB4A5}
		{44857E1A-A202-41DE-B878-32E5C716A12C} = {539CA245-B53C-43E9-848A-63B5C75CB4A5}
		{7E1C1A64-BD3E-4231-B16B-2F5AF42FE968} = {4B50B9D9-1578-480F-A897-93379EBB2548}
		{5C10C686-42C9-4D8C-A971-C91648FA3DF5} = {17CD94F4-64F9-40FB-A20D-5FF53ABC3F25}
		{4D8AD289-1473-4C15-A016-5FC4BECA15D5} = {8DC7496C-7A2A-4B51-AD62-BC68134926A4}
		{E1DCE59B-B635-430B-9E68-63BE8F69BAD1} = {EC02B928-038F-4FD9-A5C3-0DEE2772DE65}
	EndGlobalSection
	GlobalSection(ExtensibilityGlobals) = postSolution
		SolutionGuid = {7A9E963B-D114-41E1-9450-C565FDE189C0}
	EndGlobalSection
EndGlobal
